
Microsoft Visual Studio Solution File, Format Version 12.00
# Visual Studio Version 16
VisualStudioVersion = 16.0.30523.141
MinimumVisualStudioVersion = 10.0.40219.1
Project("{FAE04EC0-301F-11D3-BF4B-00C04F79EFBC}") = "Array3 - declareren", "Array3 - declareren\Array3 - declareren.csproj", "{6DE68767-B13D-4118-9F27-0C85B9CDC92D}"
EndProject
Global
	GlobalSection(SolutionConfigurationPlatforms) = preSolution
		Debug|Any CPU = Debug|Any CPU
		Release|Any CPU = Release|Any CPU
	EndGlobalSection
	GlobalSection(ProjectConfigurationPlatforms) = postSolution
		{6DE68767-B13D-4118-9F27-0C85B9CDC92D}.Debug|Any CPU.ActiveCfg = Debug|Any CPU
		{6DE68767-B13D-4118-9F27-0C85B9CDC92D}.Debug|Any CPU.Build.0 = Debug|Any CPU
		{6DE68767-B13D-4118-9F27-0C85B9CDC92D}.Release|Any CPU.ActiveCfg = Release|Any CPU
		{6DE68767-B13D-4118-9F27-0C85B9CDC92D}.Release|Any CPU.Build.0 = Release|Any CPU
	EndGlobalSection
	GlobalSection(SolutionProperties) = preSolution
		HideSolutionNode = FALSE
	EndGlobalSection
	GlobalSection(ExtensibilityGlobals) = postSolution
		SolutionGuid = {00C3A6C3-BEB4-4772-9AD5-4AAA0ACE77E3}
	EndGlobalSection
EndGlobal
